
Microsoft Visual Studio Solution File, Format Version 12.00
# Visual Studio Version 16
VisualStudioVersion = 16.0.31410.357
MinimumVisualStudioVersion = 10.0.40219.1
Project("{FAE04EC0-301F-11D3-BF4B-00C04F79EFBC}") = "Adapter", "Adapter\Adapter.csproj", "{1E9C6B06-1F20-45CC-AE2E-B6BA2692F822}"
EndProject
Global
	GlobalSection(SolutionConfigurationPlatforms) = preSolution
		Debug|Any CPU = Debug|Any CPU
		Release|Any CPU = Release|Any CPU
	EndGlobalSection
	GlobalSection(ProjectConfigurationPlatforms) = postSolution
		{1E9C6B06-1F20-45CC-AE2E-B6BA2692F822}.Debug|Any CPU.ActiveCfg = Debug|Any CPU
		{1E9C6B06-1F20-45CC-AE2E-B6BA2692F822}.Debug|Any CPU.Build.0 = Debug|Any CPU
		{1E9C6B06-1F20-45CC-AE2E-B6BA2692F822}.Release|Any CPU.ActiveCfg = Release|Any CPU
		{1E9C6B06-1F20-45CC-AE2E-B6BA2692F822}.Release|Any CPU.Build.0 = Release|Any CPU
	EndGlobalSection
	GlobalSection(SolutionProperties) = preSolution
		HideSolutionNode = FALSE
	EndGlobalSection
	GlobalSection(ExtensibilityGlobals) = postSolution
		SolutionGuid = {FB4F6F10-571F-4E52-A5B9-936CABE65A37}
	EndGlobalSection
EndGlobal
