
Microsoft Visual Studio Solution File, Format Version 12.00
# Visual Studio Version 16
VisualStudioVersion = 16.0.31410.357
MinimumVisualStudioVersion = 10.0.40219.1
Project("{FAE04EC0-301F-11D3-BF4B-00C04F79EFBC}") = "Prototype", "Prototype\Prototype.csproj", "{8431E37E-FD0D-477D-8834-5791B3D1A7AD}"
EndProject
Global
	GlobalSection(SolutionConfigurationPlatforms) = preSolution
		Debug|Any CPU = Debug|Any CPU
		Release|Any CPU = Release|Any CPU
	EndGlobalSection
	GlobalSection(ProjectConfigurationPlatforms) = postSolution
		{8431E37E-FD0D-477D-8834-5791B3D1A7AD}.Debug|Any CPU.ActiveCfg = Debug|Any CPU
		{8431E37E-FD0D-477D-8834-5791B3D1A7AD}.Debug|Any CPU.Build.0 = Debug|Any CPU
		{8431E37E-FD0D-477D-8834-5791B3D1A7AD}.Release|Any CPU.ActiveCfg = Release|Any CPU
		{8431E37E-FD0D-477D-8834-5791B3D1A7AD}.Release|Any CPU.Build.0 = Release|Any CPU
	EndGlobalSection
	GlobalSection(SolutionProperties) = preSolution
		HideSolutionNode = FALSE
	EndGlobalSection
	GlobalSection(ExtensibilityGlobals) = postSolution
		SolutionGuid = {06CBA9B9-04A2-412A-9CE7-C53930589B73}
	EndGlobalSection
EndGlobal
